
Microsoft Visual Studio Solution File, Format Version 12.00
# Visual Studio Version 17
VisualStudioVersion = 17.7.34221.43
MinimumVisualStudioVersion = 10.0.40219.1
Project("{9A19103F-16F7-4668-BE54-9A1E7A4F7556}") = "test-semantic-model", "test-semantic-model.csproj", "{421E1E7C-057C-4F14-AB3D-BC1BC0B2D850}"
EndProject
Project("{2150E333-8FDC-42A3-9474-1A3956D46DE8}") = "Solution Items", "Solution Items", "{D4173127-DD05-482C-9FB1-8E6E044E1623}"
	ProjectSection(SolutionItems) = preProject
		.editorconfig = .editorconfig
	EndProjectSection
EndProject
Global
	GlobalSection(SolutionConfigurationPlatforms) = preSolution
		Debug|Any CPU = Debug|Any CPU
		Release|Any CPU = Release|Any CPU
	EndGlobalSection
	GlobalSection(ProjectConfigurationPlatforms) = postSolution
		{421E1E7C-057C-4F14-AB3D-BC1BC0B2D850}.Debug|Any CPU.ActiveCfg = Debug|Any CPU
		{421E1E7C-057C-4F14-AB3D-BC1BC0B2D850}.Debug|Any CPU.Build.0 = Debug|Any CPU
		{421E1E7C-057C-4F14-AB3D-BC1BC0B2D850}.Release|Any CPU.ActiveCfg = Release|Any CPU
		{421E1E7C-057C-4F14-AB3D-BC1BC0B2D850}.Release|Any CPU.Build.0 = Release|Any CPU
	EndGlobalSection
	GlobalSection(SolutionProperties) = preSolution
		HideSolutionNode = FALSE
	EndGlobalSection
	GlobalSection(ExtensibilityGlobals) = postSolution
		SolutionGuid = {963057B9-E7D5-416F-B719-E6CB3FE1D3A6}
	EndGlobalSection
EndGlobal
